
Microsoft Visual Studio Solution File, Format Version 12.00
# Visual Studio Version 16
VisualStudioVersion = 16.0.32630.194
MinimumVisualStudioVersion = 10.0.40219.1
Project("{9A19103F-16F7-4668-BE54-9A1E7A4F7556}") = "PhoneInv", "PhoneInv.csproj", "{13393925-063A-45BC-A0DB-183137E11A46}"
EndProject
Global
	GlobalSection(SolutionConfigurationPlatforms) = preSolution
		Debug|Any CPU = Debug|Any CPU
		Release|Any CPU = Release|Any CPU
	EndGlobalSection
	GlobalSection(ProjectConfigurationPlatforms) = postSolution
		{13393925-063A-45BC-A0DB-183137E11A46}.Debug|Any CPU.ActiveCfg = Debug|Any CPU
		{13393925-063A-45BC-A0DB-183137E11A46}.Debug|Any CPU.Build.0 = Debug|Any CPU
		{13393925-063A-45BC-A0DB-183137E11A46}.Release|Any CPU.ActiveCfg = Release|Any CPU
		{13393925-063A-45BC-A0DB-183137E11A46}.Release|Any CPU.Build.0 = Release|Any CPU
	EndGlobalSection
	GlobalSection(SolutionProperties) = preSolution
		HideSolutionNode = FALSE
	EndGlobalSection
	GlobalSection(ExtensibilityGlobals) = postSolution
		SolutionGuid = {2EF37E49-E64F-488B-865B-DDFA8819EB4C}
	EndGlobalSection
EndGlobal
